
Microsoft Visual Studio Solution File, Format Version 12.00
# Visual Studio Version 17
VisualStudioVersion = 17.2.32616.157
MinimumVisualStudioVersion = 10.0.40219.1
Project("{9A19103F-16F7-4668-BE54-9A1E7A4F7556}") = "LibraryApp", "LibraryApp\LibraryApp.csproj", "{3547879E-3B6F-4625-99CA-41346DA20A42}"
EndProject
Project("{54435603-DBB4-11D2-8724-00A0C9A8B90C}") = "InstallerProject", "InstallerProject\InstallerProject.vdproj", "{FD80EC2E-06FD-408E-AEEA-9ED46084FE4E}"
EndProject
Global
	GlobalSection(SolutionConfigurationPlatforms) = preSolution
		Debug|Any CPU = Debug|Any CPU
		Release|Any CPU = Release|Any CPU
	EndGlobalSection
	GlobalSection(ProjectConfigurationPlatforms) = postSolution
		{3547879E-3B6F-4625-99CA-41346DA20A42}.Debug|Any CPU.ActiveCfg = Release|Any CPU
		{3547879E-3B6F-4625-99CA-41346DA20A42}.Debug|Any CPU.Build.0 = Release|Any CPU
		{3547879E-3B6F-4625-99CA-41346DA20A42}.Release|Any CPU.ActiveCfg = Release|Any CPU
		{3547879E-3B6F-4625-99CA-41346DA20A42}.Release|Any CPU.Build.0 = Release|Any CPU
		{FD80EC2E-06FD-408E-AEEA-9ED46084FE4E}.Debug|Any CPU.ActiveCfg = Release
		{FD80EC2E-06FD-408E-AEEA-9ED46084FE4E}.Release|Any CPU.ActiveCfg = Release
	EndGlobalSection
	GlobalSection(SolutionProperties) = preSolution
		HideSolutionNode = FALSE
	EndGlobalSection
	GlobalSection(ExtensibilityGlobals) = postSolution
		SolutionGuid = {3A9FBBC1-3D74-4E14-93A9-C8289EADEF30}
	EndGlobalSection
EndGlobal
